// !$*UTF8*$!
{
	archiveVersion = 1;
	classes = {
	};
	objectVersion = 46;
	objects = {

/* Begin PBXBuildFile section */
		A90417291EC58EE2005E6505 /* AppDelegate.swift in Sources */ = {isa = PBXBuildFile; fileRef = A90417281EC58EE2005E6505 /* AppDelegate.swift */; };
		A904172B1EC58EE2005E6505 /* ViewController.swift in Sources */ = {isa = PBXBuildFile; fileRef = A904172A1EC58EE2005E6505 /* ViewController.swift */; };
		A904172E1EC58EE2005E6505 /* Main.storyboard in Resources */ = {isa = PBXBuildFile; fileRef = A904172C1EC58EE2005E6505 /* Main.storyboard */; };
		A90417311EC58EE2005E6505 /* iBrowser.xcdatamodeld in Sources */ = {isa = PBXBuildFile; fileRef = A904172F1EC58EE2005E6505 /* iBrowser.xcdatamodeld */; };
		A90417331EC58EE2005E6505 /* Assets.xcassets in Resources */ = {isa = PBXBuildFile; fileRef = A90417321EC58EE2005E6505 /* Assets.xcassets */; };
		A90417361EC58EE2005E6505 /* LaunchScreen.storyboard in Resources */ = {isa = PBXBuildFile; fileRef = A90417341EC58EE2005E6505 /* LaunchScreen.storyboard */; };
		A90417411EC58EE2005E6505 /* iBrowserTests.swift in Sources */ = {isa = PBXBuildFile; fileRef = A90417401EC58EE2005E6505 /* iBrowserTests.swift */; };
		A904174C1EC58EE2005E6505 /* iBrowserUITests.swift in Sources */ = {isa = PBXBuildFile; fileRef = A904174B1EC58EE2005E6505 /* iBrowserUITests.swift */; };
/* End PBXBuildFile section */

/* Begin PBXContainerItemProxy section */
		A904173D1EC58EE2005E6505 /* PBXContainerItemProxy */ = {
			isa = PBXContainerItemProxy;
			containerPortal = A904171D1EC58EE2005E6505 /* Project object */;
			proxyType = 1;
			remoteGlobalIDString = A90417241EC58EE2005E6505;
			remoteInfo = iBrowser;
		};
		A90417481EC58EE2005E6505 /* PBXContainerItemProxy */ = {
			isa = PBXContainerItemProxy;
			containerPortal = A904171D1EC58EE2005E6505 /* Project object */;
			proxyType = 1;
			remoteGlobalIDString = A90417241EC58EE2005E6505;
			remoteInfo = iBrowser;
		};
/* End PBXContainerItemProxy section */

/* Begin PBXFileReference section */
		A90417251EC58EE2005E6505 /* iBrowser.app */ = {isa = PBXFileReference; explicitFileType = wrapper.application; includeInIndex = 0; path = iBrowser.app; sourceTree = BUILT_PRODUCTS_DIR; };
		A90417281EC58EE2005E6505 /* AppDelegate.swift */ = {isa = PBXFileReference; lastKnownFileType = sourcecode.swift; path = AppDelegate.swift; sourceTree = "<group>"; };
		A904172A1EC58EE2005E6505 /* ViewController.swift */ = {isa = PBXFileReference; lastKnownFileType = sourcecode.swift; path = ViewController.swift; sourceTree = "<group>"; };
		A904172D1EC58EE2005E6505 /* Base */ = {isa = PBXFileReference; lastKnownFileType = file.storyboard; name = Base; path = Base.lproj/Main.storyboard; sourceTree = "<group>"; };
		A90417301EC58EE2005E6505 /* iBrowser.xcdatamodel */ = {isa = PBXFileReference; lastKnownFileType = wrapper.xcdatamodel; path = iBrowser.xcdatamodel; sourceTree = "<group>"; };
		A90417321EC58EE2005E6505 /* Assets.xcassets */ = {isa = PBXFileReference; lastKnownFileType = folder.assetcatalog; path = Assets.xcassets; sourceTree = "<group>"; };
		A90417351EC58EE2005E6505 /* Base */ = {isa = PBXFileReference; lastKnownFileType = file.storyboard; name = Base; path = Base.lproj/LaunchScreen.storyboard; sourceTree = "<group>"; };
		A90417371EC58EE2005E6505 /* Info.plist */ = {isa = PBXFileReference; lastKnownFileType = text.plist.xml; path = Info.plist; sourceTree = "<group>"; };
		A904173C1EC58EE2005E6505 /* iBrowserTests.xctest */ = {isa = PBXFileReference; explicitFileType = wrapper.cfbundle; includeInIndex = 0; path = iBrowserTests.xctest; sourceTree = BUILT_PRODUCTS_DIR; };
		A90417401EC58EE2005E6505 /* iBrowserTests.swift */ = {isa = PBXFileReference; lastKnownFileType = sourcecode.swift; path = iBrowserTests.swift; sourceTree = "<group>"; };
		A90417421EC58EE2005E6505 /* Info.plist */ = {isa = PBXFileReference; lastKnownFileType = text.plist.xml; path = Info.plist; sourceTree = "<group>"; };
		A90417471EC58EE2005E6505 /* iBrowserUITests.xctest */ = {isa = PBXFileReference; explicitFileType = wrapper.cfbundle; includeInIndex = 0; path = iBrowserUITests.xctest; sourceTree = BUILT_PRODUCTS_DIR; };
		A904174B1EC58EE2005E6505 /* iBrowserUITests.swift */ = {isa = PBXFileReference; lastKnownFileType = sourcecode.swift; path = iBrowserUITests.swift; sourceTree = "<group>"; };
		A904174D1EC58EE2005E6505 /* Info.plist */ = {isa = PBXFileReference; lastKnownFileType = text.plist.xml; path = Info.plist; sourceTree = "<group>"; };
/* End PBXFileReference section */

/* Begin PBXFrameworksBuildPhase section */
		A90417221EC58EE2005E6505 /* Frameworks */ = {
			isa = PBXFrameworksBuildPhase;
			buildActionMask = 2147483647;
			files = (
			);
			runOnlyForDeploymentPostprocessing = 0;
		};
		A90417391EC58EE2005E6505 /* Frameworks */ = {
			isa = PBXFrameworksBuildPhase;
			buildActionMask = 2147483647;
			files = (
			);
			runOnlyForDeploymentPostprocessing = 0;
		};
		A90417441EC58EE2005E6505 /* Frameworks */ = {
			isa = PBXFrameworksBuildPhase;
			buildActionMask = 2147483647;
			files = (
			);
			runOnlyForDeploymentPostprocessing = 0;
		};
/* End PBXFrameworksBuildPhase section */

/* Begin PBXGroup section */
		A904171C1EC58EE2005E6505 = {
			isa = PBXGroup;
			children = (
				A90417271EC58EE2005E6505 /* iBrowser */,
				A904173F1EC58EE2005E6505 /* iBrowserTests */,
				A904174A1EC58EE2005E6505 /* iBrowserUITests */,
				A90417261EC58EE2005E6505 /* Products */,
			);
			sourceTree = "<group>";
		};
		A90417261EC58EE2005E6505 /* Products */ = {
			isa = PBXGroup;
			children = (
				A90417251EC58EE2005E6505 /* iBrowser.app */,
				A904173C1EC58EE2005E6505 /* iBrowserTests.xctest */,
				A90417471EC58EE2005E6505 /* iBrowserUITests.xctest */,
			);
			name = Products;
			sourceTree = "<group>";
		};
		A90417271EC58EE2005E6505 /* iBrowser */ = {
			isa = PBXGroup;
			children = (
				A90417281EC58EE2005E6505 /* AppDelegate.swift */,
				A904172A1EC58EE2005E6505 /* ViewController.swift */,
				A904172C1EC58EE2005E6505 /* Main.storyboard */,
				A90417321EC58EE2005E6505 /* Assets.xcassets */,
				A90417341EC58EE2005E6505 /* LaunchScreen.storyboard */,
				A90417371EC58EE2005E6505 /* Info.plist */,
				A904172F1EC58EE2005E6505 /* iBrowser.xcdatamodeld */,
			);
			path = iBrowser;
			sourceTree = "<group>";
		};
		A904173F1EC58EE2005E6505 /* iBrowserTests */ = {
			isa = PBXGroup;
			children = (
				A90417401EC58EE2005E6505 /* iBrowserTests.swift */,
				A90417421EC58EE2005E6505 /* Info.plist */,
			);
			path = iBrowserTests;
			sourceTree = "<group>";
		};
		A904174A1EC58EE2005E6505 /* iBrowserUITests */ = {
			isa = PBXGroup;
			children = (
				A904174B1EC58EE2005E6505 /* iBrowserUITests.swift */,
				A904174D1EC58EE2005E6505 /* Info.plist */,
			);
			path = iBrowserUITests;
			sourceTree = "<group>";
		};
/* End PBXGroup section */

/* Begin PBXNativeTarget section */
		A90417241EC58EE2005E6505 /* iBrowser */ = {
			isa = PBXNativeTarget;
			buildConfigurationList = A90417501EC58EE2005E6505 /* Build configuration list for PBXNativeTarget "iBrowser" */;
			buildPhases = (
				A90417211EC58EE2005E6505 /* Sources */,
				A90417221EC58EE2005E6505 /* Frameworks */,
				A90417231EC58EE2005E6505 /* Resources */,
			);
			buildRules = (
			);
			dependencies = (
			);
			name = iBrowser;
			productName = iBrowser;
			productReference = A90417251EC58EE2005E6505 /* iBrowser.app */;
			productType = "com.apple.product-type.application";
		};
		A904173B1EC58EE2005E6505 /* iBrowserTests */ = {
			isa = PBXNativeTarget;
			buildConfigurationList = A90417531EC58EE2005E6505 /* Build configuration list for PBXNativeTarget "iBrowserTests" */;
			buildPhases = (
				A90417381EC58EE2005E6505 /* Sources */,
				A90417391EC58EE2005E6505 /* Frameworks */,
				A904173A1EC58EE2005E6505 /* Resources */,
			);
			buildRules = (
			);
			dependencies = (
				A904173E1EC58EE2005E6505 /* PBXTargetDependency */,
			);
			name = iBrowserTests;
			productName = iBrowserTests;
			productReference = A904173C1EC58EE2005E6505 /* iBrowserTests.xctest */;
			productType = "com.apple.product-type.bundle.unit-test";
		};
		A90417461EC58EE2005E6505 /* iBrowserUITests */ = {
			isa = PBXNativeTarget;
			buildConfigurationList = A90417561EC58EE2005E6505 /* Build configuration list for PBXNativeTarget "iBrowserUITests" */;
			buildPhases = (
				A90417431EC58EE2005E6505 /* Sources */,
				A90417441EC58EE2005E6505 /* Frameworks */,
				A90417451EC58EE2005E6505 /* Resources */,
			);
			buildRules = (
			);
			dependencies = (
				A90417491EC58EE2005E6505 /* PBXTargetDependency */,
			);
			name = iBrowserUITests;
			productName = iBrowserUITests;
			productReference = A90417471EC58EE2005E6505 /* iBrowserUITests.xctest */;
			productType = "com.apple.product-type.bundle.ui-testing";
		};
/* End PBXNativeTarget section */

/* Begin PBXProject section */
		A904171D1EC58EE2005E6505 /* Project object */ = {
			isa = PBXProject;
			attributes = {
				LastSwiftUpdateCheck = 0830;
				LastUpgradeCheck = 0830;
				ORGANIZATIONNAME = "Renato Ioshida";
				TargetAttributes = {
					A90417241EC58EE2005E6505 = {
						CreatedOnToolsVersion = 8.3.2;
						ProvisioningStyle = Automatic;
					};
					A904173B1EC58EE2005E6505 = {
						CreatedOnToolsVersion = 8.3.2;
						ProvisioningStyle = Automatic;
						TestTargetID = A90417241EC58EE2005E6505;
					};
					A90417461EC58EE2005E6505 = {
						CreatedOnToolsVersion = 8.3.2;
						ProvisioningStyle = Automatic;
						TestTargetID = A90417241EC58EE2005E6505;
					};
				};
			};
			buildConfigurationList = A90417201EC58EE2005E6505 /* Build configuration list for PBXProject "iBrowser" */;
			compatibilityVersion = "Xcode 3.2";
			developmentRegion = English;
			hasScannedForEncodings = 0;
			knownRegions = (
				en,
				Base,
			);
			mainGroup = A904171C1EC58EE2005E6505;
			productRefGroup = A90417261EC58EE2005E6505 /* Products */;
			projectDirPath = "";
			projectRoot = "";
			targets = (
				A90417241EC58EE2005E6505 /* iBrowser */,
				A904173B1EC58EE2005E6505 /* iBrowserTests */,
				A90417461EC58EE2005E6505 /* iBrowserUITests */,
			);
		};
/* End PBXProject section */

/* Begin PBXResourcesBuildPhase section */
		A90417231EC58EE2005E6505 /* Resources */ = {
			isa = PBXResourcesBuildPhase;
			buildActionMask = 2147483647;
			files = (
				A90417361EC58EE2005E6505 /* LaunchScreen.storyboard in Resources */,
				A90417331EC58EE2005E6505 /* Assets.xcassets in Resources */,
				A904172E1EC58EE2005E6505 /* Main.storyboard in Resources */,
			);
			runOnlyForDeploymentPostprocessing = 0;
		};
		A904173A1EC58EE2005E6505 /* Resources */ = {
			isa = PBXResourcesBuildPhase;
			buildActionMask = 2147483647;
			files = (
			);
			runOnlyForDeploymentPostprocessing = 0;
		};
		A90417451EC58EE2005E6505 /* Resources */ = {
			isa = PBXResourcesBuildPhase;
			buildActionMask = 2147483647;
			files = (
			);
			runOnlyForDeploymentPostprocessing = 0;
		};
/* End PBXResourcesBuildPhase section */

/* Begin PBXSourcesBuildPhase section */
		A90417211EC58EE2005E6505 /* Sources */ = {
			isa = PBXSourcesBuildPhase;
			buildActionMask = 2147483647;
			files = (
				A904172B1EC58EE2005E6505 /* ViewController.swift in Sources */,
				A90417311EC58EE2005E6505 /* iBrowser.xcdatamodeld in Sources */,
				A90417291EC58EE2005E6505 /* AppDelegate.swift in Sources */,
			);
			runOnlyForDeploymentPostprocessing = 0;
		};
		A90417381EC58EE2005E6505 /* Sources */ = {
			isa = PBXSourcesBuildPhase;
			buildActionMask = 2147483647;
			files = (
				A90417411EC58EE2005E6505 /* iBrowserTests.swift in Sources */,
			);
			runOnlyForDeploymentPostprocessing = 0;
		};
		A90417431EC58EE2005E6505 /* Sources */ = {
			isa = PBXSourcesBuildPhase;
			buildActionMask = 2147483647;
			files = (
				A904174C1EC58EE2005E6505 /* iBrowserUITests.swift in Sources */,
			);
			runOnlyForDeploymentPostprocessing = 0;
		};
/* End PBXSourcesBuildPhase section */

/* Begin PBXTargetDependency section */
		A904173E1EC58EE2005E6505 /* PBXTargetDependency */ = {
			isa = PBXTargetDependency;
			target = A90417241EC58EE2005E6505 /* iBrowser */;
			targetProxy = A904173D1EC58EE2005E6505 /* PBXContainerItemProxy */;
		};
		A90417491EC58EE2005E6505 /* PBXTargetDependency */ = {
			isa = PBXTargetDependency;
			target = A90417241EC58EE2005E6505 /* iBrowser */;
			targetProxy = A90417481EC58EE2005E6505 /* PBXContainerItemProxy */;
		};
/* End PBXTargetDependency section */

/* Begin PBXVariantGroup section */
		A904172C1EC58EE2005E6505 /* Main.storyboard */ = {
			isa = PBXVariantGroup;
			children = (
				A904172D1EC58EE2005E6505 /* Base */,
			);
			name = Main.storyboard;
			sourceTree = "<group>";
		};
		A90417341EC58EE2005E6505 /* LaunchScreen.storyboard */ = {
			isa = PBXVariantGroup;
			children = (
				A90417351EC58EE2005E6505 /* Base */,
			);
			name = LaunchScreen.storyboard;
			sourceTree = "<group>";
		};
/* End PBXVariantGroup section */

/* Begin XCBuildConfiguration section */
		A904174E1EC58EE2005E6505 /* Debug */ = {
			isa = XCBuildConfiguration;
			buildSettings = {
				ALWAYS_SEARCH_USER_PATHS = NO;
				CLANG_ANALYZER_NONNULL = YES;
				CLANG_ANALYZER_NUMBER_OBJECT_CONVERSION = YES_AGGRESSIVE;
				CLANG_CXX_LANGUAGE_STANDARD = "gnu++0x";
				CLANG_CXX_LIBRARY = "libc++";
				CLANG_ENABLE_MODULES = YES;
				CLANG_ENABLE_OBJC_ARC = YES;
				CLANG_WARN_BOOL_CONVERSION = YES;
				CLANG_WARN_CONSTANT_CONVERSION = YES;
				CLANG_WARN_DIRECT_OBJC_ISA_USAGE = YES_ERROR;
				CLANG_WARN_DOCUMENTATION_COMMENTS = YES;
				CLANG_WARN_EMPTY_BODY = YES;
				CLANG_WARN_ENUM_CONVERSION = YES;
				CLANG_WARN_INFINITE_RECURSION = YES;
				CLANG_WARN_INT_CONVERSION = YES;
				CLANG_WARN_OBJC_ROOT_CLASS = YES_ERROR;
				CLANG_WARN_SUSPICIOUS_MOVE = YES;
				CLANG_WARN_UNREACHABLE_CODE = YES;
				CLANG_WARN__DUPLICATE_METHOD_MATCH = YES;
				"CODE_SIGN_IDENTITY[sdk=iphoneos*]" = "iPhone Developer";
				COPY_PHASE_STRIP = NO;
				DEBUG_INFORMATION_FORMAT = dwarf;
				ENABLE_STRICT_OBJC_MSGSEND = YES;
				ENABLE_TESTABILITY = YES;
				GCC_C_LANGUAGE_STANDARD = gnu99;
				GCC_DYNAMIC_NO_PIC = NO;
				GCC_NO_COMMON_BLOCKS = YES;
				GCC_OPTIMIZATION_LEVEL = 0;
				GCC_PREPROCESSOR_DEFINITIONS = (
					"DEBUG=1",
					"$(inherited)",
				);
				GCC_WARN_64_TO_32_BIT_CONVERSION = YES;
				GCC_WARN_ABOUT_RETURN_TYPE = YES_ERROR;
				GCC_WARN_UNDECLARED_SELECTOR = YES;
				GCC_WARN_UNINITIALIZED_AUTOS = YES_AGGRESSIVE;
				GCC_WARN_UNUSED_FUNCTION = YES;
				GCC_WARN_UNUSED_VARIABLE = YES;
				IPHONEOS_DEPLOYMENT_TARGET = 10.3;
				MTL_ENABLE_DEBUG_INFO = YES;
				ONLY_ACTIVE_ARCH = YES;
				SDKROOT = iphoneos;
				SWIFT_ACTIVE_COMPILATION_CONDITIONS = DEBUG;
				SWIFT_OPTIMIZATION_LEVEL = "-Onone";
			};
			name = Debug;
		};
		A904174F1EC58EE2005E6505 /* Release */ = {
			isa = XCBuildConfiguration;
			buildSettings = {
				ALWAYS_SEARCH_USER_PATHS = NO;
				CLANG_ANALYZER_NONNULL = YES;
				CLANG_ANALYZER_NUMBER_OBJECT_CONVERSION = YES_AGGRESSIVE;
				CLANG_CXX_LANGUAGE_STANDARD = "gnu++0x";
				CLANG_CXX_LIBRARY = "libc++";
				CLANG_ENABLE_MODULES = YES;
				CLANG_ENABLE_OBJC_ARC = YES;
				CLANG_WARN_BOOL_CONVERSION = YES;
				CLANG_WARN_CONSTANT_CONVERSION = YES;
				CLANG_WARN_DIRECT_OBJC_ISA_USAGE = YES_ERROR;
				CLANG_WARN_DOCUMENTATION_COMMENTS = YES;
				CLANG_WARN_EMPTY_BODY = YES;
				CLANG_WARN_ENUM_CONVERSION = YES;
				CLANG_WARN_INFINITE_RECURSION = YES;
				CLANG_WARN_INT_CONVERSION = YES;
				CLANG_WARN_OBJC_ROOT_CLASS = YES_ERROR;
				CLANG_WARN_SUSPICIOUS_MOVE = YES;
				CLANG_WARN_UNREACHABLE_CODE = YES;
				CLANG_WARN__DUPLICATE_METHOD_MATCH = YES;
				"CODE_SIGN_IDENTITY[sdk=iphoneos*]" = "iPhone Developer";
				COPY_PHASE_STRIP = NO;
				DEBUG_INFORMATION_FORMAT = "dwarf-with-dsym";
				ENABLE_NS_ASSERTIONS = NO;
				ENABLE_STRICT_OBJC_MSGSEND = YES;
				GCC_C_LANGUAGE_STANDARD = gnu99;
				GCC_NO_COMMON_BLOCKS = YES;
				GCC_WARN_64_TO_32_BIT_CONVERSION = YES;
				GCC_WARN_ABOUT_RETURN_TYPE = YES_ERROR;
				GCC_WARN_UNDECLARED_SELECTOR = YES;
				GCC_WARN_UNINITIALIZED_AUTOS = YES_AGGRESSIVE;
				GCC_WARN_UNUSED_FUNCTION = YES;
				GCC_WARN_UNUSED_VARIABLE = YES;
				IPHONEOS_DEPLOYMENT_TARGET = 10.3;
				MTL_ENABLE_DEBUG_INFO = NO;
				SDKROOT = iphoneos;
				SWIFT_OPTIMIZATION_LEVEL = "-Owholemodule";
				VALIDATE_PRODUCT = YES;
			};
			name = Release;
		};
		A90417511EC58EE2005E6505 /* Debug */ = {
			isa = XCBuildConfiguration;
			buildSettings = {
				ASSETCATALOG_COMPILER_APPICON_NAME = AppIcon;
				INFOPLIST_FILE = iBrowser/Info.plist;
				LD_RUNPATH_SEARCH_PATHS = "$(inherited) @executable_path/Frameworks";
				PRODUCT_BUNDLE_IDENTIFIER = ioshida.iBrowser;
				PRODUCT_NAME = "$(TARGET_NAME)";
				SWIFT_VERSION = 3.0;
			};
			name = Debug;
		};
		A90417521EC58EE2005E6505 /* Release */ = {
			isa = XCBuildConfiguration;
			buildSettings = {
				ASSETCATALOG_COMPILER_APPICON_NAME = AppIcon;
				INFOPLIST_FILE = iBrowser/Info.plist;
				LD_RUNPATH_SEARCH_PATHS = "$(inherited) @executable_path/Frameworks";
				PRODUCT_BUNDLE_IDENTIFIER = ioshida.iBrowser;
				PRODUCT_NAME = "$(TARGET_NAME)";
				SWIFT_VERSION = 3.0;
			};
			name = Release;
		};
		A90417541EC58EE2005E6505 /* Debug */ = {
			isa = XCBuildConfiguration;
			buildSettings = {
				ALWAYS_EMBED_SWIFT_STANDARD_LIBRARIES = YES;
				BUNDLE_LOADER = "$(TEST_HOST)";
				INFOPLIST_FILE = iBrowserTests/Info.plist;
				LD_RUNPATH_SEARCH_PATHS = "$(inherited) @executable_path/Frameworks @loader_path/Frameworks";
				PRODUCT_BUNDLE_IDENTIFIER = ioshida.iBrowserTests;
				PRODUCT_NAME = "$(TARGET_NAME)";
				SWIFT_VERSION = 3.0;
				TEST_HOST = "$(BUILT_PRODUCTS_DIR)/iBrowser.app/iBrowser";
			};
			name = Debug;
		};
		A90417551EC58EE2005E6505 /* Release */ = {
			isa = XCBuildConfiguration;
			buildSettings = {
				ALWAYS_EMBED_SWIFT_STANDARD_LIBRARIES = YES;
				BUNDLE_LOADER = "$(TEST_HOST)";
				INFOPLIST_FILE = iBrowserTests/Info.plist;
				LD_RUNPATH_SEARCH_PATHS = "$(inherited) @executable_path/Frameworks @loader_path/Frameworks";
				PRODUCT_BUNDLE_IDENTIFIER = ioshida.iBrowserTests;
				PRODUCT_NAME = "$(TARGET_NAME)";
				SWIFT_VERSION = 3.0;
				TEST_HOST = "$(BUILT_PRODUCTS_DIR)/iBrowser.app/iBrowser";
			};
			name = Release;
		};
		A90417571EC58EE2005E6505 /* Debug */ = {
			isa = XCBuildConfiguration;
			buildSettings = {
				ALWAYS_EMBED_SWIFT_STANDARD_LIBRARIES = YES;
				INFOPLIST_FILE = iBrowserUITests/Info.plist;
				LD_RUNPATH_SEARCH_PATHS = "$(inherited) @executable_path/Frameworks @loader_path/Frameworks";
				PRODUCT_BUNDLE_IDENTIFIER = ioshida.iBrowserUITests;
				PRODUCT_NAME = "$(TARGET_NAME)";
				SWIFT_VERSION = 3.0;
				TEST_TARGET_NAME = iBrowser;
			};
			name = Debug;
		};
		A90417581EC58EE2005E6505 /* Release */ = {
			isa = XCBuildConfiguration;
			buildSettings = {
				ALWAYS_EMBED_SWIFT_STANDARD_LIBRARIES = YES;
				INFOPLIST_FILE = iBrowserUITests/Info.plist;
				LD_RUNPATH_SEARCH_PATHS = "$(inherited) @executable_path/Frameworks @loader_path/Frameworks";
				PRODUCT_BUNDLE_IDENTIFIER = ioshida.iBrowserUITests;
				PRODUCT_NAME = "$(TARGET_NAME)";
				SWIFT_VERSION = 3.0;
				TEST_TARGET_NAME = iBrowser;
			};
			name = Release;
		};
/* End XCBuildConfiguration section */

/* Begin XCConfigurationList section */
		A90417201EC58EE2005E6505 /* Build configuration list for PBXProject "iBrowser" */ = {
			isa = XCConfigurationList;
			buildConfigurations = (
				A904174E1EC58EE2005E6505 /* Debug */,
				A904174F1EC58EE2005E6505 /* Release */,
			);
			defaultConfigurationIsVisible = 0;
			defaultConfigurationName = Release;
		};
		A90417501EC58EE2005E6505 /* Build configuration list for PBXNativeTarget "iBrowser" */ = {
			isa = XCConfigurationList;
			buildConfigurations = (
				A90417511EC58EE2005E6505 /* Debug */,
				A90417521EC58EE2005E6505 /* Release */,
			);
			defaultConfigurationIsVisible = 0;
		};
		A90417531EC58EE2005E6505 /* Build configuration list for PBXNativeTarget "iBrowserTests" */ = {
			isa = XCConfigurationList;
			buildConfigurations = (
				A90417541EC58EE2005E6505 /* Debug */,
				A90417551EC58EE2005E6505 /* Release */,
			);
			defaultConfigurationIsVisible = 0;
		};
		A90417561EC58EE2005E6505 /* Build configuration list for PBXNativeTarget "iBrowserUITests" */ = {
			isa = XCConfigurationList;
			buildConfigurations = (
				A90417571EC58EE2005E6505 /* Debug */,
				A90417581EC58EE2005E6505 /* Release */,
			);
			defaultConfigurationIsVisible = 0;
		};
/* End XCConfigurationList section */

/* Begin XCVersionGroup section */
		A904172F1EC58EE2005E6505 /* iBrowser.xcdatamodeld */ = {
			isa = XCVersionGroup;
			children = (
				A90417301EC58EE2005E6505 /* iBrowser.xcdatamodel */,
			);
			currentVersion = A90417301EC58EE2005E6505 /* iBrowser.xcdatamodel */;
			path = iBrowser.xcdatamodeld;
			sourceTree = "<group>";
			versionGroupType = wrapper.xcdatamodel;
		};
/* End XCVersionGroup section */
	};
	rootObject = A904171D1EC58EE2005E6505 /* Project object */;
}
